// !$*UTF8*$!
{
	archiveVersion = 1;
	classes = {
	};
	objectVersion = 50;
	objects = {

/* Begin PBXBuildFile section */
		49C5369A0D1C71A557EDA202 /* libPods-Razorpay.a in Frameworks */ = {isa = PBXBuildFile; fileRef = 8DFFF6B292743B5CD236FFA7 /* libPods-Razorpay.a */; };
		DB3B1D542178723400AB1E1D /* AppDelegate.m in Sources */ = {isa = PBXBuildFile; fileRef = DB3B1D532178723400AB1E1D /* AppDelegate.m */; };
		DB3B1D572178723400AB1E1D /* ViewController.m in Sources */ = {isa = PBXBuildFile; fileRef = DB3B1D562178723400AB1E1D /* ViewController.m */; };
		DB3B1D5A2178723400AB1E1D /* Main.storyboard in Resources */ = {isa = PBXBuildFile; fileRef = DB3B1D582178723400AB1E1D /* Main.storyboard */; };
		DB3B1D5C2178723900AB1E1D /* Assets.xcassets in Resources */ = {isa = PBXBuildFile; fileRef = DB3B1D5B2178723900AB1E1D /* Assets.xcassets */; };
		DB3B1D5F2178723900AB1E1D /* LaunchScreen.storyboard in Resources */ = {isa = PBXBuildFile; fileRef = DB3B1D5D2178723900AB1E1D /* LaunchScreen.storyboard */; };
		DB3B1D622178723900AB1E1D /* main.m in Sources */ = {isa = PBXBuildFile; fileRef = DB3B1D612178723900AB1E1D /* main.m */; };
/* End PBXBuildFile section */

/* Begin PBXFileReference section */
		76D808C179517EE50AECD3F7 /* Pods-Razorpay.debug.xcconfig */ = {isa = PBXFileReference; includeInIndex = 1; lastKnownFileType = text.xcconfig; name = "Pods-Razorpay.debug.xcconfig"; path = "Pods/Target Support Files/Pods-Razorpay/Pods-Razorpay.debug.xcconfig"; sourceTree = "<group>"; };
		8DFFF6B292743B5CD236FFA7 /* libPods-Razorpay.a */ = {isa = PBXFileReference; explicitFileType = archive.ar; includeInIndex = 0; path = "libPods-Razorpay.a"; sourceTree = BUILT_PRODUCTS_DIR; };
		C0EC3149BBF88027F0E044CE /* Pods-Razorpay.release.xcconfig */ = {isa = PBXFileReference; includeInIndex = 1; lastKnownFileType = text.xcconfig; name = "Pods-Razorpay.release.xcconfig"; path = "Pods/Target Support Files/Pods-Razorpay/Pods-Razorpay.release.xcconfig"; sourceTree = "<group>"; };
		DB3B1D4F2178723400AB1E1D /* Razorpay.app */ = {isa = PBXFileReference; explicitFileType = wrapper.application; includeInIndex = 0; path = Razorpay.app; sourceTree = BUILT_PRODUCTS_DIR; };
		DB3B1D522178723400AB1E1D /* AppDelegate.h */ = {isa = PBXFileReference; lastKnownFileType = sourcecode.c.h; path = AppDelegate.h; sourceTree = "<group>"; };
		DB3B1D532178723400AB1E1D /* AppDelegate.m */ = {isa = PBXFileReference; lastKnownFileType = sourcecode.c.objc; path = AppDelegate.m; sourceTree = "<group>"; };
		DB3B1D552178723400AB1E1D /* ViewController.h */ = {isa = PBXFileReference; lastKnownFileType = sourcecode.c.h; path = ViewController.h; sourceTree = "<group>"; };
		DB3B1D562178723400AB1E1D /* ViewController.m */ = {isa = PBXFileReference; lastKnownFileType = sourcecode.c.objc; path = ViewController.m; sourceTree = "<group>"; };
		DB3B1D592178723400AB1E1D /* Base */ = {isa = PBXFileReference; lastKnownFileType = file.storyboard; name = Base; path = Base.lproj/Main.storyboard; sourceTree = "<group>"; };
		DB3B1D5B2178723900AB1E1D /* Assets.xcassets */ = {isa = PBXFileReference; lastKnownFileType = folder.assetcatalog; path = Assets.xcassets; sourceTree = "<group>"; };
		DB3B1D5E2178723900AB1E1D /* Base */ = {isa = PBXFileReference; lastKnownFileType = file.storyboard; name = Base; path = Base.lproj/LaunchScreen.storyboard; sourceTree = "<group>"; };
		DB3B1D602178723900AB1E1D /* Info.plist */ = {isa = PBXFileReference; lastKnownFileType = text.plist.xml; path = Info.plist; sourceTree = "<group>"; };
		DB3B1D612178723900AB1E1D /* main.m */ = {isa = PBXFileReference; lastKnownFileType = sourcecode.c.objc; path = main.m; sourceTree = "<group>"; };
/* End PBXFileReference section */

/* Begin PBXFrameworksBuildPhase section */
		DB3B1D4C2178723400AB1E1D /* Frameworks */ = {
			isa = PBXFrameworksBuildPhase;
			buildActionMask = 2147483647;
			files = (
				49C5369A0D1C71A557EDA202 /* libPods-Razorpay.a in Frameworks */,
			);
			runOnlyForDeploymentPostprocessing = 0;
		};
/* End PBXFrameworksBuildPhase section */

/* Begin PBXGroup section */
		28B82B1C1BD7ECBBFC8D9B01 /* Frameworks */ = {
			isa = PBXGroup;
			children = (
				8DFFF6B292743B5CD236FFA7 /* libPods-Razorpay.a */,
			);
			name = Frameworks;
			sourceTree = "<group>";
		};
		DB3B1D462178723300AB1E1D = {
			isa = PBXGroup;
			children = (
				DB3B1D512178723400AB1E1D /* Razorpay */,
				DB3B1D502178723400AB1E1D /* Products */,
				DCF77F7FD1094197B2715620 /* Pods */,
				28B82B1C1BD7ECBBFC8D9B01 /* Frameworks */,
			);
			sourceTree = "<group>";
		};
		DB3B1D502178723400AB1E1D /* Products */ = {
			isa = PBXGroup;
			children = (
				DB3B1D4F2178723400AB1E1D /* Razorpay.app */,
			);
			name = Products;
			sourceTree = "<group>";
		};
		DB3B1D512178723400AB1E1D /* Razorpay */ = {
			isa = PBXGroup;
			children = (
				DB3B1D522178723400AB1E1D /* AppDelegate.h */,
				DB3B1D532178723400AB1E1D /* AppDelegate.m */,
				DB3B1D552178723400AB1E1D /* ViewController.h */,
				DB3B1D562178723400AB1E1D /* ViewController.m */,
				DB3B1D582178723400AB1E1D /* Main.storyboard */,
				DB3B1D5B2178723900AB1E1D /* Assets.xcassets */,
				DB3B1D5D2178723900AB1E1D /* LaunchScreen.storyboard */,
				DB3B1D602178723900AB1E1D /* Info.plist */,
				DB3B1D612178723900AB1E1D /* main.m */,
			);
			path = Razorpay;
			sourceTree = "<group>";
		};
		DCF77F7FD1094197B2715620 /* Pods */ = {
			isa = PBXGroup;
			children = (
				76D808C179517EE50AECD3F7 /* Pods-Razorpay.debug.xcconfig */,
				C0EC3149BBF88027F0E044CE /* Pods-Razorpay.release.xcconfig */,
			);
			name = Pods;
			sourceTree = "<group>";
		};
/* End PBXGroup section */

/* Begin PBXNativeTarget section */
		DB3B1D4E2178723400AB1E1D /* Razorpay */ = {
			isa = PBXNativeTarget;
			buildConfigurationList = DB3B1D652178723900AB1E1D /* Build configuration list for PBXNativeTarget "Razorpay" */;
			buildPhases = (
				7A702210FE5EC32A28F64954 /* [CP] Check Pods Manifest.lock */,
				DB3B1D4B2178723400AB1E1D /* Sources */,
				DB3B1D4C2178723400AB1E1D /* Frameworks */,
				DB3B1D4D2178723400AB1E1D /* Resources */,
				B0FA2D9FE58FDBA5DE69ED63 /* [CP] Copy Pods Resources */,
			);
			buildRules = (
			);
			dependencies = (
			);
			name = Razorpay;
			productName = Razorpay;
			productReference = DB3B1D4F2178723400AB1E1D /* Razorpay.app */;
			productType = "com.apple.product-type.application";
		};
/* End PBXNativeTarget section */

/* Begin PBXProject section */
		DB3B1D472178723300AB1E1D /* Project object */ = {
			isa = PBXProject;
			attributes = {
				LastUpgradeCheck = 1000;
				ORGANIZATIONNAME = Self;
				TargetAttributes = {
					DB3B1D4E2178723400AB1E1D = {
						CreatedOnToolsVersion = 10.0;
					};
				};
			};
			buildConfigurationList = DB3B1D4A2178723300AB1E1D /* Build configuration list for PBXProject "Razorpay" */;
			compatibilityVersion = "Xcode 9.3";
			developmentRegion = en;
			hasScannedForEncodings = 0;
			knownRegions = (
				en,
				Base,
			);
			mainGroup = DB3B1D462178723300AB1E1D;
			productRefGroup = DB3B1D502178723400AB1E1D /* Products */;
			projectDirPath = "";
			projectRoot = "";
			targets = (
				DB3B1D4E2178723400AB1E1D /* Razorpay */,
			);
		};
/* End PBXProject section */

/* Begin PBXResourcesBuildPhase section */
		DB3B1D4D2178723400AB1E1D /* Resources */ = {
			isa = PBXResourcesBuildPhase;
			buildActionMask = 2147483647;
			files = (
				DB3B1D5F2178723900AB1E1D /* LaunchScreen.storyboard in Resources */,
				DB3B1D5C2178723900AB1E1D /* Assets.xcassets in Resources */,
				DB3B1D5A2178723400AB1E1D /* Main.storyboard in Resources */,
			);
			runOnlyForDeploymentPostprocessing = 0;
		};
/* End PBXResourcesBuildPhase section */

/* Begin PBXShellScriptBuildPhase section */
		7A702210FE5EC32A28F64954 /* [CP] Check Pods Manifest.lock */ = {
			isa = PBXShellScriptBuildPhase;
			buildActionMask = 2147483647;
			files = (
			);
			inputPaths = (
				"${PODS_PODFILE_DIR_PATH}/Podfile.lock",
				"${PODS_ROOT}/Manifest.lock",
			);
			name = "[CP] Check Pods Manifest.lock";
			outputPaths = (
				"$(DERIVED_FILE_DIR)/Pods-Razorpay-checkManifestLockResult.txt",
			);
			runOnlyForDeploymentPostprocessing = 0;
			shellPath = /bin/sh;
			shellScript = "diff \"${PODS_PODFILE_DIR_PATH}/Podfile.lock\" \"${PODS_ROOT}/Manifest.lock\" > /dev/null\nif [ $? != 0 ] ; then\n    # print error to STDERR\n    echo \"error: The sandbox is not in sync with the Podfile.lock. Run 'pod install' or update your CocoaPods installation.\" >&2\n    exit 1\nfi\n# This output is used by Xcode 'outputs' to avoid re-running this script phase.\necho \"SUCCESS\" > \"${SCRIPT_OUTPUT_FILE_0}\"\n";
			showEnvVarsInLog = 0;
		};
		B0FA2D9FE58FDBA5DE69ED63 /* [CP] Copy Pods Resources */ = {
			isa = PBXShellScriptBuildPhase;
			buildActionMask = 2147483647;
			files = (
			);
			inputPaths = (
				"${SRCROOT}/Pods/Target Support Files/Pods-Razorpay/Pods-Razorpay-resources.sh",
				"${PODS_CONFIGURATION_BUILD_DIR}/razorpay-pod/razorpay-pod.bundle",
			);
			name = "[CP] Copy Pods Resources";
			outputPaths = (
				"${TARGET_BUILD_DIR}/${UNLOCALIZED_RESOURCES_FOLDER_PATH}/razorpay-pod.bundle",
			);
			runOnlyForDeploymentPostprocessing = 0;
			shellPath = /bin/sh;
			shellScript = "\"${SRCROOT}/Pods/Target Support Files/Pods-Razorpay/Pods-Razorpay-resources.sh\"\n";
			showEnvVarsInLog = 0;
		};
/* End PBXShellScriptBuildPhase section */

/* Begin PBXSourcesBuildPhase section */
		DB3B1D4B2178723400AB1E1D /* Sources */ = {
			isa = PBXSourcesBuildPhase;
			buildActionMask = 2147483647;
			files = (
				DB3B1D572178723400AB1E1D /* ViewController.m in Sources */,
				DB3B1D622178723900AB1E1D /* main.m in Sources */,
				DB3B1D542178723400AB1E1D /* AppDelegate.m in Sources */,
			);
			runOnlyForDeploymentPostprocessing = 0;
		};
/* End PBXSourcesBuildPhase section */

/* Begin PBXVariantGroup section */
		DB3B1D582178723400AB1E1D /* Main.storyboard */ = {
			isa = PBXVariantGroup;
			children = (
				DB3B1D592178723400AB1E1D /* Base */,
			);
			name = Main.storyboard;
			sourceTree = "<group>";
		};
		DB3B1D5D2178723900AB1E1D /* LaunchScreen.storyboard */ = {
			isa = PBXVariantGroup;
			children = (
				DB3B1D5E2178723900AB1E1D /* Base */,
			);
			name = LaunchScreen.storyboard;
			sourceTree = "<group>";
		};
/* End PBXVariantGroup section */

/* Begin XCBuildConfiguration section */
		DB3B1D632178723900AB1E1D /* Debug */ = {
			isa = XCBuildConfiguration;
			buildSettings = {
				ALWAYS_SEARCH_USER_PATHS = NO;
				CLANG_ANALYZER_NONNULL = YES;
				CLANG_ANALYZER_NUMBER_OBJECT_CONVERSION = YES_AGGRESSIVE;
				CLANG_CXX_LANGUAGE_STANDARD = "gnu++14";
				CLANG_CXX_LIBRARY = "libc++";
				CLANG_ENABLE_MODULES = YES;
				CLANG_ENABLE_OBJC_ARC = YES;
				CLANG_ENABLE_OBJC_WEAK = YES;
				CLANG_WARN_BLOCK_CAPTURE_AUTORELEASING = YES;
				CLANG_WARN_BOOL_CONVERSION = YES;
				CLANG_WARN_COMMA = YES;
				CLANG_WARN_CONSTANT_CONVERSION = YES;
				CLANG_WARN_DEPRECATED_OBJC_IMPLEMENTATIONS = YES;
				CLANG_WARN_DIRECT_OBJC_ISA_USAGE = YES_ERROR;
				CLANG_WARN_DOCUMENTATION_COMMENTS = YES;
				CLANG_WARN_EMPTY_BODY = YES;
				CLANG_WARN_ENUM_CONVERSION = YES;
				CLANG_WARN_INFINITE_RECURSION = YES;
				CLANG_WARN_INT_CONVERSION = YES;
				CLANG_WARN_NON_LITERAL_NULL_CONVERSION = YES;
				CLANG_WARN_OBJC_IMPLICIT_RETAIN_SELF = YES;
				CLANG_WARN_OBJC_LITERAL_CONVERSION = YES;
				CLANG_WARN_OBJC_ROOT_CLASS = YES_ERROR;
				CLANG_WARN_RANGE_LOOP_ANALYSIS = YES;
				CLANG_WARN_STRICT_PROTOTYPES = YES;
				CLANG_WARN_SUSPICIOUS_MOVE = YES;
				CLANG_WARN_UNGUARDED_AVAILABILITY = YES_AGGRESSIVE;
				CLANG_WARN_UNREACHABLE_CODE = YES;
				CLANG_WARN__DUPLICATE_METHOD_MATCH = YES;
				CODE_SIGN_IDENTITY = "iPhone Developer";
				COPY_PHASE_STRIP = NO;
				DEBUG_INFORMATION_FORMAT = dwarf;
				ENABLE_STRICT_OBJC_MSGSEND = YES;
				ENABLE_TESTABILITY = YES;
				GCC_C_LANGUAGE_STANDARD = gnu11;
				GCC_DYNAMIC_NO_PIC = NO;
				GCC_NO_COMMON_BLOCKS = YES;
				GCC_OPTIMIZATION_LEVEL = 0;
				GCC_PREPROCESSOR_DEFINITIONS = (
					"DEBUG=1",
					"$(inherited)",
				);
				GCC_WARN_64_TO_32_BIT_CONVERSION = YES;
				GCC_WARN_ABOUT_RETURN_TYPE = YES_ERROR;
				GCC_WARN_UNDECLARED_SELECTOR = YES;
				GCC_WARN_UNINITIALIZED_AUTOS = YES_AGGRESSIVE;
				GCC_WARN_UNUSED_FUNCTION = YES;
				GCC_WARN_UNUSED_VARIABLE = YES;
				IPHONEOS_DEPLOYMENT_TARGET = 12.0;
				MTL_ENABLE_DEBUG_INFO = INCLUDE_SOURCE;
				MTL_FAST_MATH = YES;
				ONLY_ACTIVE_ARCH = YES;
				SDKROOT = iphoneos;
			};
			name = Debug;
		};
		DB3B1D642178723900AB1E1D /* Release */ = {
			isa = XCBuildConfiguration;
			buildSettings = {
				ALWAYS_SEARCH_USER_PATHS = NO;
				CLANG_ANALYZER_NONNULL = YES;
				CLANG_ANALYZER_NUMBER_OBJECT_CONVERSION = YES_AGGRESSIVE;
				CLANG_CXX_LANGUAGE_STANDARD = "gnu++14";
				CLANG_CXX_LIBRARY = "libc++";
				CLANG_ENABLE_MODULES = YES;
				CLANG_ENABLE_OBJC_ARC = YES;
				CLANG_ENABLE_OBJC_WEAK = YES;
				CLANG_WARN_BLOCK_CAPTURE_AUTORELEASING = YES;
				CLANG_WARN_BOOL_CONVERSION = YES;
				CLANG_WARN_COMMA = YES;
				CLANG_WARN_CONSTANT_CONVERSION = YES;
				CLANG_WARN_DEPRECATED_OBJC_IMPLEMENTATIONS = YES;
				CLANG_WARN_DIRECT_OBJC_ISA_USAGE = YES_ERROR;
				CLANG_WARN_DOCUMENTATION_COMMENTS = YES;
				CLANG_WARN_EMPTY_BODY = YES;
				CLANG_WARN_ENUM_CONVERSION = YES;
				CLANG_WARN_INFINITE_RECURSION = YES;
				CLANG_WARN_INT_CONVERSION = YES;
				CLANG_WARN_NON_LITERAL_NULL_CONVERSION = YES;
				CLANG_WARN_OBJC_IMPLICIT_RETAIN_SELF = YES;
				CLANG_WARN_OBJC_LITERAL_CONVERSION = YES;
				CLANG_WARN_OBJC_ROOT_CLASS = YES_ERROR;
				CLANG_WARN_RANGE_LOOP_ANALYSIS = YES;
				CLANG_WARN_STRICT_PROTOTYPES = YES;
				CLANG_WARN_SUSPICIOUS_MOVE = YES;
				CLANG_WARN_UNGUARDED_AVAILABILITY = YES_AGGRESSIVE;
				CLANG_WARN_UNREACHABLE_CODE = YES;
				CLANG_WARN__DUPLICATE_METHOD_MATCH = YES;
				CODE_SIGN_IDENTITY = "iPhone Developer";
				COPY_PHASE_STRIP = NO;
				DEBUG_INFORMATION_FORMAT = "dwarf-with-dsym";
				ENABLE_NS_ASSERTIONS = NO;
				ENABLE_STRICT_OBJC_MSGSEND = YES;
				GCC_C_LANGUAGE_STANDARD = gnu11;
				GCC_NO_COMMON_BLOCKS = YES;
				GCC_WARN_64_TO_32_BIT_CONVERSION = YES;
				GCC_WARN_ABOUT_RETURN_TYPE = YES_ERROR;
				GCC_WARN_UNDECLARED_SELECTOR = YES;
				GCC_WARN_UNINITIALIZED_AUTOS = YES_AGGRESSIVE;
				GCC_WARN_UNUSED_FUNCTION = YES;
				GCC_WARN_UNUSED_VARIABLE = YES;
				IPHONEOS_DEPLOYMENT_TARGET = 12.0;
				MTL_ENABLE_DEBUG_INFO = NO;
				MTL_FAST_MATH = YES;
				SDKROOT = iphoneos;
				VALIDATE_PRODUCT = YES;
			};
			name = Release;
		};
		DB3B1D662178723900AB1E1D /* Debug */ = {
			isa = XCBuildConfiguration;
			baseConfigurationReference = 76D808C179517EE50AECD3F7 /* Pods-Razorpay.debug.xcconfig */;
			buildSettings = {
				ASSETCATALOG_COMPILER_APPICON_NAME = AppIcon;
				CODE_SIGN_STYLE = Manual;
				DEVELOPMENT_TEAM = 47K9SD4PFA;
				ENABLE_BITCODE = NO;
				INFOPLIST_FILE = Razorpay/Info.plist;
				IPHONEOS_DEPLOYMENT_TARGET = 9.0;
				LD_RUNPATH_SEARCH_PATHS = (
					"$(inherited)",
					"@executable_path/Frameworks",
				);
				PRODUCT_BUNDLE_IDENTIFIER = com.bhishak.Razorpay;
				PRODUCT_NAME = "$(TARGET_NAME)";
				PROVISIONING_PROFILE_SPECIFIER = CommonDevelopmentProfile;
				TARGETED_DEVICE_FAMILY = "1,2";
			};
			name = Debug;
		};
		DB3B1D672178723900AB1E1D /* Release */ = {
			isa = XCBuildConfiguration;
			baseConfigurationReference = C0EC3149BBF88027F0E044CE /* Pods-Razorpay.release.xcconfig */;
			buildSettings = {
				ASSETCATALOG_COMPILER_APPICON_NAME = AppIcon;
				CODE_SIGN_STYLE = Manual;
				DEVELOPMENT_TEAM = 47K9SD4PFA;
				ENABLE_BITCODE = NO;
				INFOPLIST_FILE = Razorpay/Info.plist;
				IPHONEOS_DEPLOYMENT_TARGET = 9.0;
				LD_RUNPATH_SEARCH_PATHS = (
					"$(inherited)",
					"@executable_path/Frameworks",
				);
				PRODUCT_BUNDLE_IDENTIFIER = com.bhishak.Razorpay;
				PRODUCT_NAME = "$(TARGET_NAME)";
				PROVISIONING_PROFILE_SPECIFIER = CommonDevelopmentProfile;
				TARGETED_DEVICE_FAMILY = "1,2";
			};
			name = Release;
		};
/* End XCBuildConfiguration section */

/* Begin XCConfigurationList section */
		DB3B1D4A2178723300AB1E1D /* Build configuration list for PBXProject "Razorpay" */ = {
			isa = XCConfigurationList;
			buildConfigurations = (
				DB3B1D632178723900AB1E1D /* Debug */,
				DB3B1D642178723900AB1E1D /* Release */,
			);
			defaultConfigurationIsVisible = 0;
			defaultConfigurationName = Release;
		};
		DB3B1D652178723900AB1E1D /* Build configuration list for PBXNativeTarget "Razorpay" */ = {
			isa = XCConfigurationList;
			buildConfigurations = (
				DB3B1D662178723900AB1E1D /* Debug */,
				DB3B1D672178723900AB1E1D /* Release */,
			);
			defaultConfigurationIsVisible = 0;
			defaultConfigurationName = Release;
		};
/* End XCConfigurationList section */
	};
	rootObject = DB3B1D472178723300AB1E1D /* Project object */;
}
